
Microsoft Visual Studio Solution File, Format Version 12.00
# Visual Studio Version 16
VisualStudioVersion = 16.0.31729.503
MinimumVisualStudioVersion = 10.0.40219.1
Project("{FAE04EC0-301F-11D3-BF4B-00C04F79EFBC}") = "CodeWars", "CodeWars.csproj", "{7EA0BE45-4246-411F-A453-7E7C87E065CC}"
EndProject
Global
	GlobalSection(SolutionConfigurationPlatforms) = preSolution
		Debug|Any CPU = Debug|Any CPU
		Release|Any CPU = Release|Any CPU
	EndGlobalSection
	GlobalSection(ProjectConfigurationPlatforms) = postSolution
		{7EA0BE45-4246-411F-A453-7E7C87E065CC}.Debug|Any CPU.ActiveCfg = Debug|Any CPU
		{7EA0BE45-4246-411F-A453-7E7C87E065CC}.Debug|Any CPU.Build.0 = Debug|Any CPU
		{7EA0BE45-4246-411F-A453-7E7C87E065CC}.Release|Any CPU.ActiveCfg = Release|Any CPU
		{7EA0BE45-4246-411F-A453-7E7C87E065CC}.Release|Any CPU.Build.0 = Release|Any CPU
	EndGlobalSection
	GlobalSection(SolutionProperties) = preSolution
		HideSolutionNode = FALSE
	EndGlobalSection
	GlobalSection(ExtensibilityGlobals) = postSolution
		SolutionGuid = {5C25556C-3397-4F4C-B2EE-B5332BB8AE44}
	EndGlobalSection
EndGlobal
